// !$*UTF8*$!
{
	archiveVersion = 1;
	classes = {
	};
	objectVersion = 46;
	objects = {

/* Begin PBXBuildFile section */
		4C273D8F1D7EEC9B00DF5CA2 /* EmptyCollectionViewCell.swift in Sources */ = {isa = PBXBuildFile; fileRef = 4C273D8E1D7EEC9B00DF5CA2 /* EmptyCollectionViewCell.swift */; };
		4C6454F31D75AAAB003322DD /* AppDelegate.swift in Sources */ = {isa = PBXBuildFile; fileRef = 4C6454F21D75AAAB003322DD /* AppDelegate.swift */; };
		4C6454FA1D75AAAB003322DD /* Main.storyboard in Resources */ = {isa = PBXBuildFile; fileRef = 4C6454F81D75AAAB003322DD /* Main.storyboard */; };
		4C6454FD1D75AAAB003322DD /* myPhotos.xcdatamodeld in Sources */ = {isa = PBXBuildFile; fileRef = 4C6454FB1D75AAAB003322DD /* myPhotos.xcdatamodeld */; };
		4C6454FF1D75AAAB003322DD /* Assets.xcassets in Resources */ = {isa = PBXBuildFile; fileRef = 4C6454FE1D75AAAB003322DD /* Assets.xcassets */; };
		4C6455021D75AAAB003322DD /* LaunchScreen.storyboard in Resources */ = {isa = PBXBuildFile; fileRef = 4C6455001D75AAAB003322DD /* LaunchScreen.storyboard */; };
		4C64550D1D75AAAC003322DD /* myPhotosTests.swift in Sources */ = {isa = PBXBuildFile; fileRef = 4C64550C1D75AAAC003322DD /* myPhotosTests.swift */; };
		4C6455181D75AAAC003322DD /* myPhotosUITests.swift in Sources */ = {isa = PBXBuildFile; fileRef = 4C6455171D75AAAC003322DD /* myPhotosUITests.swift */; };
		4C6455291D75B47F003322DD /* Constants.swift in Sources */ = {isa = PBXBuildFile; fileRef = 4C6455281D75B47F003322DD /* Constants.swift */; };
		4C64553A1D774080003322DD /* Album.swift in Sources */ = {isa = PBXBuildFile; fileRef = 4C6455391D774080003322DD /* Album.swift */; };
		4C6455421D7836DD003322DD /* AlbumViewController.swift in Sources */ = {isa = PBXBuildFile; fileRef = 4C6455411D7836DD003322DD /* AlbumViewController.swift */; };
		4C6455451D783993003322DD /* AlbumController.swift in Sources */ = {isa = PBXBuildFile; fileRef = 4C6455441D783993003322DD /* AlbumController.swift */; };
		4C6455471D783E8A003322DD /* AlbumTableViewCell.swift in Sources */ = {isa = PBXBuildFile; fileRef = 4C6455461D783E8A003322DD /* AlbumTableViewCell.swift */; };
		4C64554A1D78436B003322DD /* PhotoViewController.swift in Sources */ = {isa = PBXBuildFile; fileRef = 4C6455491D78436B003322DD /* PhotoViewController.swift */; };
		4C64554D1D784A5C003322DD /* PhotoController.swift in Sources */ = {isa = PBXBuildFile; fileRef = 4C64554C1D784A5C003322DD /* PhotoController.swift */; };
		4C64554F1D787731003322DD /* Photo.swift in Sources */ = {isa = PBXBuildFile; fileRef = 4C64554E1D787731003322DD /* Photo.swift */; };
		4C6455511D79A895003322DD /* PhotoCollectionViewCell.swift in Sources */ = {isa = PBXBuildFile; fileRef = 4C6455501D79A895003322DD /* PhotoCollectionViewCell.swift */; };
		4C64555B1D79BBDB003322DD /* AMImageExtension.swift in Sources */ = {isa = PBXBuildFile; fileRef = 4C6455591D79BBDB003322DD /* AMImageExtension.swift */; };
		4C64555C1D79BBDB003322DD /* AMImageVIewExtension.swift in Sources */ = {isa = PBXBuildFile; fileRef = 4C64555A1D79BBDB003322DD /* AMImageVIewExtension.swift */; };
		4C6455691D7A184C003322DD /* ViewController.swift in Sources */ = {isa = PBXBuildFile; fileRef = 4C6455681D7A184C003322DD /* ViewController.swift */; };
		4C64556E1D7A190D003322DD /* VkViewController.swift in Sources */ = {isa = PBXBuildFile; fileRef = 4C64556D1D7A190D003322DD /* VkViewController.swift */; };
		4CCC1F161D7A33BF00E2CBA4 /* HomeViewController.swift in Sources */ = {isa = PBXBuildFile; fileRef = 4CCC1F151D7A33BF00E2CBA4 /* HomeViewController.swift */; };
		A6134AFD1D9267B6009AAF8A /* CoreDataStack.swift in Sources */ = {isa = PBXBuildFile; fileRef = A6134AFC1D9267B6009AAF8A /* CoreDataStack.swift */; };
		A6EAFD751D900C8500D0A588 /* libwebp.framework in Frameworks */ = {isa = PBXBuildFile; fileRef = A6EAFD741D900C8500D0A588 /* libwebp.framework */; };
		A6EAFD771D900CA300D0A588 /* PureLayout.framework in Frameworks */ = {isa = PBXBuildFile; fileRef = A6EAFD761D900CA300D0A588 /* PureLayout.framework */; };
		A6EAFD791D900CAB00D0A588 /* SKPhotoBrowser.framework in Frameworks */ = {isa = PBXBuildFile; fileRef = A6EAFD781D900CAB00D0A588 /* SKPhotoBrowser.framework */; };
		A6EAFD7B1D900CB300D0A588 /* SDWebImage.framework in Frameworks */ = {isa = PBXBuildFile; fileRef = A6EAFD7A1D900CB300D0A588 /* SDWebImage.framework */; };
		A6EAFD7D1D900CBA00D0A588 /* UIColor_Hex_Swift.framework in Frameworks */ = {isa = PBXBuildFile; fileRef = A6EAFD7C1D900CBA00D0A588 /* UIColor_Hex_Swift.framework */; };
		A6EAFD7F1D900CC000D0A588 /* CRToast.framework in Frameworks */ = {isa = PBXBuildFile; fileRef = A6EAFD7E1D900CC000D0A588 /* CRToast.framework */; };
		A6EAFD811D900CC700D0A588 /* VK_ios_sdk.framework in Frameworks */ = {isa = PBXBuildFile; fileRef = A6EAFD801D900CC700D0A588 /* VK_ios_sdk.framework */; };
		DEBC5FDBB1440A203209AE05 /* Pods_myPhotos.framework in Frameworks */ = {isa = PBXBuildFile; fileRef = 39F6D142C3BDB6539E55D322 /* Pods_myPhotos.framework */; };
/* End PBXBuildFile section */

/* Begin PBXContainerItemProxy section */
		4C6455091D75AAAC003322DD /* PBXContainerItemProxy */ = {
			isa = PBXContainerItemProxy;
			containerPortal = 4C6454E71D75AAAB003322DD /* Project object */;
			proxyType = 1;
			remoteGlobalIDString = 4C6454EE1D75AAAB003322DD;
			remoteInfo = myPhotos;
		};
		4C6455141D75AAAC003322DD /* PBXContainerItemProxy */ = {
			isa = PBXContainerItemProxy;
			containerPortal = 4C6454E71D75AAAB003322DD /* Project object */;
			proxyType = 1;
			remoteGlobalIDString = 4C6454EE1D75AAAB003322DD;
			remoteInfo = myPhotos;
		};
/* End PBXContainerItemProxy section */

/* Begin PBXFileReference section */
		39F6D142C3BDB6539E55D322 /* Pods_myPhotos.framework */ = {isa = PBXFileReference; explicitFileType = wrapper.framework; includeInIndex = 0; path = Pods_myPhotos.framework; sourceTree = BUILT_PRODUCTS_DIR; };
		4C273D8E1D7EEC9B00DF5CA2 /* EmptyCollectionViewCell.swift */ = {isa = PBXFileReference; fileEncoding = 4; lastKnownFileType = sourcecode.swift; name = EmptyCollectionViewCell.swift; path = Source/Classes/ViewController/Photo/EmptyCollectionViewCell.swift; sourceTree = "<group>"; };
		4C6454EF1D75AAAB003322DD /* myPhotos.app */ = {isa = PBXFileReference; explicitFileType = wrapper.application; includeInIndex = 0; path = myPhotos.app; sourceTree = BUILT_PRODUCTS_DIR; };
		4C6454F21D75AAAB003322DD /* AppDelegate.swift */ = {isa = PBXFileReference; lastKnownFileType = sourcecode.swift; path = AppDelegate.swift; sourceTree = "<group>"; };
		4C6454F91D75AAAB003322DD /* Base */ = {isa = PBXFileReference; lastKnownFileType = file.storyboard; name = Base; path = Base.lproj/Main.storyboard; sourceTree = "<group>"; };
		4C6454FC1D75AAAB003322DD /* myPhotos.xcdatamodel */ = {isa = PBXFileReference; lastKnownFileType = wrapper.xcdatamodel; path = myPhotos.xcdatamodel; sourceTree = "<group>"; };
		4C6454FE1D75AAAB003322DD /* Assets.xcassets */ = {isa = PBXFileReference; lastKnownFileType = folder.assetcatalog; path = Assets.xcassets; sourceTree = "<group>"; };
		4C6455011D75AAAB003322DD /* Base */ = {isa = PBXFileReference; lastKnownFileType = file.storyboard; name = Base; path = Base.lproj/LaunchScreen.storyboard; sourceTree = "<group>"; };
		4C6455031D75AAAB003322DD /* Info.plist */ = {isa = PBXFileReference; lastKnownFileType = text.plist.xml; path = Info.plist; sourceTree = "<group>"; };
		4C6455081D75AAAC003322DD /* myPhotosTests.xctest */ = {isa = PBXFileReference; explicitFileType = wrapper.cfbundle; includeInIndex = 0; path = myPhotosTests.xctest; sourceTree = BUILT_PRODUCTS_DIR; };
		4C64550C1D75AAAC003322DD /* myPhotosTests.swift */ = {isa = PBXFileReference; lastKnownFileType = sourcecode.swift; path = myPhotosTests.swift; sourceTree = "<group>"; };
		4C64550E1D75AAAC003322DD /* Info.plist */ = {isa = PBXFileReference; lastKnownFileType = text.plist.xml; path = Info.plist; sourceTree = "<group>"; };
		4C6455131D75AAAC003322DD /* myPhotosUITests.xctest */ = {isa = PBXFileReference; explicitFileType = wrapper.cfbundle; includeInIndex = 0; path = myPhotosUITests.xctest; sourceTree = BUILT_PRODUCTS_DIR; };
		4C6455171D75AAAC003322DD /* myPhotosUITests.swift */ = {isa = PBXFileReference; lastKnownFileType = sourcecode.swift; path = myPhotosUITests.swift; sourceTree = "<group>"; };
		4C6455191D75AAAC003322DD /* Info.plist */ = {isa = PBXFileReference; lastKnownFileType = text.plist.xml; path = Info.plist; sourceTree = "<group>"; };
		4C6455281D75B47F003322DD /* Constants.swift */ = {isa = PBXFileReference; fileEncoding = 4; lastKnownFileType = sourcecode.swift; name = Constants.swift; path = Source/Classes/Controller/Constants.swift; sourceTree = "<group>"; };
		4C64552A1D75B736003322DD /* myPhotos-Bridging-Header.h */ = {isa = PBXFileReference; lastKnownFileType = sourcecode.c.h; path = "myPhotos-Bridging-Header.h"; sourceTree = "<group>"; };
		4C64552D1D75B8BC003322DD /* VK_ios_sdk.framework */ = {isa = PBXFileReference; lastKnownFileType = wrapper.framework; name = VK_ios_sdk.framework; path = "DerivedData/Build/Products/Debug-iphonesimulator/VK_ios_sdk.framework"; sourceTree = "<group>"; };
		4C6455391D774080003322DD /* Album.swift */ = {isa = PBXFileReference; fileEncoding = 4; lastKnownFileType = sourcecode.swift; name = Album.swift; path = Source/Classes/Model/Album.swift; sourceTree = "<group>"; };
		4C64553B1D77502B003322DD /* AFNetworking.framework */ = {isa = PBXFileReference; lastKnownFileType = wrapper.framework; name = AFNetworking.framework; path = "Pods/../build/Debug-iphoneos/AFNetworking.framework"; sourceTree = "<group>"; };
		4C6455411D7836DD003322DD /* AlbumViewController.swift */ = {isa = PBXFileReference; fileEncoding = 4; lastKnownFileType = sourcecode.swift; name = AlbumViewController.swift; path = Source/Classes/ViewController/Album/AlbumViewController.swift; sourceTree = "<group>"; };
		4C6455441D783993003322DD /* AlbumController.swift */ = {isa = PBXFileReference; fileEncoding = 4; lastKnownFileType = sourcecode.swift; name = AlbumController.swift; path = Source/Classes/Controller/Album/AlbumController.swift; sourceTree = "<group>"; };
		4C6455461D783E8A003322DD /* AlbumTableViewCell.swift */ = {isa = PBXFileReference; fileEncoding = 4; lastKnownFileType = sourcecode.swift; name = AlbumTableViewCell.swift; path = Source/Classes/ViewController/Album/AlbumTableViewCell.swift; sourceTree = "<group>"; };
		4C6455491D78436B003322DD /* PhotoViewController.swift */ = {isa = PBXFileReference; fileEncoding = 4; lastKnownFileType = sourcecode.swift; name = PhotoViewController.swift; path = Source/Classes/ViewController/Photo/PhotoViewController.swift; sourceTree = "<group>"; };
		4C64554C1D784A5C003322DD /* PhotoController.swift */ = {isa = PBXFileReference; fileEncoding = 4; lastKnownFileType = sourcecode.swift; name = PhotoController.swift; path = Source/Classes/Controller/Photo/PhotoController.swift; sourceTree = "<group>"; };
		4C64554E1D787731003322DD /* Photo.swift */ = {isa = PBXFileReference; fileEncoding = 4; lastKnownFileType = sourcecode.swift; name = Photo.swift; path = Source/Classes/Model/Photo.swift; sourceTree = "<group>"; };
		4C6455501D79A895003322DD /* PhotoCollectionViewCell.swift */ = {isa = PBXFileReference; fileEncoding = 4; lastKnownFileType = sourcecode.swift; name = PhotoCollectionViewCell.swift; path = Source/Classes/ViewController/Photo/PhotoCollectionViewCell.swift; sourceTree = "<group>"; };
		4C6455591D79BBDB003322DD /* AMImageExtension.swift */ = {isa = PBXFileReference; fileEncoding = 4; lastKnownFileType = sourcecode.swift; path = AMImageExtension.swift; sourceTree = "<group>"; };
		4C64555A1D79BBDB003322DD /* AMImageVIewExtension.swift */ = {isa = PBXFileReference; fileEncoding = 4; lastKnownFileType = sourcecode.swift; path = AMImageVIewExtension.swift; sourceTree = "<group>"; };
		4C64555D1D79DCC3003322DD /* libwebp.framework */ = {isa = PBXFileReference; lastKnownFileType = wrapper.framework; name = libwebp.framework; path = "Pods/../build/Debug-iphoneos/libwebp.framework"; sourceTree = "<group>"; };
		4C64555F1D79DCCB003322DD /* SDWebImage.framework */ = {isa = PBXFileReference; lastKnownFileType = wrapper.framework; name = SDWebImage.framework; path = "Pods/../build/Debug-iphoneos/SDWebImage.framework"; sourceTree = "<group>"; };
		4C6455621D79EB6A003322DD /* SDWebImage.framework */ = {isa = PBXFileReference; lastKnownFileType = wrapper.framework; name = SDWebImage.framework; path = "DerivedData/Build/Products/Debug-iphonesimulator/SDWebImage.framework"; sourceTree = "<group>"; };
		4C6455641D79EB70003322DD /* LPPhotoViewer_swift.framework */ = {isa = PBXFileReference; lastKnownFileType = wrapper.framework; name = LPPhotoViewer_swift.framework; path = "DerivedData/Build/Products/Debug-iphonesimulator/LPPhotoViewer_swift.framework"; sourceTree = "<group>"; };
		4C6455661D79F42F003322DD /* SKPhotoBrowser.framework */ = {isa = PBXFileReference; lastKnownFileType = wrapper.framework; name = SKPhotoBrowser.framework; path = "DerivedData/Build/Products/Debug-iphonesimulator/SKPhotoBrowser.framework"; sourceTree = "<group>"; };
		4C6455681D7A184C003322DD /* ViewController.swift */ = {isa = PBXFileReference; fileEncoding = 4; lastKnownFileType = sourcecode.swift; name = ViewController.swift; path = Source/Classes/ViewController/ViewController.swift; sourceTree = "<group>"; };
		4C64556A1D7A188E003322DD /* CRToast.framework */ = {isa = PBXFileReference; lastKnownFileType = wrapper.framework; name = CRToast.framework; path = "Pods/../build/Debug-iphoneos/CRToast.framework"; sourceTree = "<group>"; };
		4C64556D1D7A190D003322DD /* VkViewController.swift */ = {isa = PBXFileReference; fileEncoding = 4; lastKnownFileType = sourcecode.swift; name = VkViewController.swift; path = Source/Classes/ViewController/Vk/VkViewController.swift; sourceTree = "<group>"; };
		4C64556F1D7A191D003322DD /* UIColor_Hex_Swift.framework */ = {isa = PBXFileReference; lastKnownFileType = wrapper.framework; name = UIColor_Hex_Swift.framework; path = "DerivedData/Build/Products/Debug-iphonesimulator/UIColor_Hex_Swift.framework"; sourceTree = "<group>"; };
		4CCC1F151D7A33BF00E2CBA4 /* HomeViewController.swift */ = {isa = PBXFileReference; fileEncoding = 4; lastKnownFileType = sourcecode.swift; name = HomeViewController.swift; path = Source/Classes/ViewController/Home/HomeViewController.swift; sourceTree = "<group>"; };
		4CCC1F171D7A379A00E2CBA4 /* SDWebImage.framework */ = {isa = PBXFileReference; lastKnownFileType = wrapper.framework; name = SDWebImage.framework; path = "DerivedData/Build/Products/Debug-iphoneos/SDWebImage.framework"; sourceTree = "<group>"; };
		4CCC1F191D7A37A400E2CBA4 /* SKPhotoBrowser.framework */ = {isa = PBXFileReference; lastKnownFileType = wrapper.framework; name = SKPhotoBrowser.framework; path = "DerivedData/Build/Products/Debug-iphoneos/SKPhotoBrowser.framework"; sourceTree = "<group>"; };
		4CCC1F1B1D7A37AA00E2CBA4 /* libwebp.framework */ = {isa = PBXFileReference; lastKnownFileType = wrapper.framework; name = libwebp.framework; path = "DerivedData/Build/Products/Debug-iphoneos/libwebp.framework"; sourceTree = "<group>"; };
		4CCC1F281D7DBF2800E2CBA4 /* PureLayout.framework */ = {isa = PBXFileReference; lastKnownFileType = wrapper.framework; name = PureLayout.framework; path = "Pods/../build/Debug-iphoneos/PureLayout.framework"; sourceTree = "<group>"; };
		4D5DD165833014F89D456D2B /* Pods.framework */ = {isa = PBXFileReference; explicitFileType = wrapper.framework; includeInIndex = 0; path = Pods.framework; sourceTree = BUILT_PRODUCTS_DIR; };
		5107B02066642488DA2C9C61 /* Pods-myPhotos.release.xcconfig */ = {isa = PBXFileReference; includeInIndex = 1; lastKnownFileType = text.xcconfig; name = "Pods-myPhotos.release.xcconfig"; path = "Pods/Target Support Files/Pods-myPhotos/Pods-myPhotos.release.xcconfig"; sourceTree = "<group>"; };
		6DE789261D6E4E0B16279600 /* Pods-myPhotos.debug.xcconfig */ = {isa = PBXFileReference; includeInIndex = 1; lastKnownFileType = text.xcconfig; name = "Pods-myPhotos.debug.xcconfig"; path = "Pods/Target Support Files/Pods-myPhotos/Pods-myPhotos.debug.xcconfig"; sourceTree = "<group>"; };
		7C443E5C77A9729E18352A93 /* Pods.release.xcconfig */ = {isa = PBXFileReference; includeInIndex = 1; lastKnownFileType = text.xcconfig; name = Pods.release.xcconfig; path = "Pods/Target Support Files/Pods/Pods.release.xcconfig"; sourceTree = "<group>"; };
		A6134AFC1D9267B6009AAF8A /* CoreDataStack.swift */ = {isa = PBXFileReference; fileEncoding = 4; lastKnownFileType = sourcecode.swift; name = CoreDataStack.swift; path = Source/Classes/Controller/CoreDataStack.swift; sourceTree = "<group>"; };
		A6EAFD741D900C8500D0A588 /* libwebp.framework */ = {isa = PBXFileReference; lastKnownFileType = wrapper.framework; name = libwebp.framework; path = "../../../Library/Developer/Xcode/DerivedData/myPhotos-bstfxjhaabmtczatcxjuwhpjnjgp/Build/Products/Debug-iphonesimulator/libwebp/libwebp.framework"; sourceTree = "<group>"; };
		A6EAFD761D900CA300D0A588 /* PureLayout.framework */ = {isa = PBXFileReference; lastKnownFileType = wrapper.framework; name = PureLayout.framework; path = "../../../Library/Developer/Xcode/DerivedData/myPhotos-bstfxjhaabmtczatcxjuwhpjnjgp/Build/Products/Debug-iphonesimulator/PureLayout/PureLayout.framework"; sourceTree = "<group>"; };
		A6EAFD781D900CAB00D0A588 /* SKPhotoBrowser.framework */ = {isa = PBXFileReference; lastKnownFileType = wrapper.framework; name = SKPhotoBrowser.framework; path = "../../../Library/Developer/Xcode/DerivedData/myPhotos-bstfxjhaabmtczatcxjuwhpjnjgp/Build/Products/Debug-iphonesimulator/SKPhotoBrowser/SKPhotoBrowser.framework"; sourceTree = "<group>"; };
		A6EAFD7A1D900CB300D0A588 /* SDWebImage.framework */ = {isa = PBXFileReference; lastKnownFileType = wrapper.framework; name = SDWebImage.framework; path = "../../../Library/Developer/Xcode/DerivedData/myPhotos-bstfxjhaabmtczatcxjuwhpjnjgp/Build/Products/Debug-iphonesimulator/SDWebImage/SDWebImage.framework"; sourceTree = "<group>"; };
		A6EAFD7C1D900CBA00D0A588 /* UIColor_Hex_Swift.framework */ = {isa = PBXFileReference; lastKnownFileType = wrapper.framework; name = UIColor_Hex_Swift.framework; path = "../../../Library/Developer/Xcode/DerivedData/myPhotos-bstfxjhaabmtczatcxjuwhpjnjgp/Build/Products/Debug-iphonesimulator/UIColor_Hex_Swift/UIColor_Hex_Swift.framework"; sourceTree = "<group>"; };
		A6EAFD7E1D900CC000D0A588 /* CRToast.framework */ = {isa = PBXFileReference; lastKnownFileType = wrapper.framework; name = CRToast.framework; path = "../../../Library/Developer/Xcode/DerivedData/myPhotos-bstfxjhaabmtczatcxjuwhpjnjgp/Build/Products/Debug-iphonesimulator/CRToast/CRToast.framework"; sourceTree = "<group>"; };
		A6EAFD801D900CC700D0A588 /* VK_ios_sdk.framework */ = {isa = PBXFileReference; lastKnownFileType = wrapper.framework; name = VK_ios_sdk.framework; path = "../../../Library/Developer/Xcode/DerivedData/myPhotos-bstfxjhaabmtczatcxjuwhpjnjgp/Build/Products/Debug-iphonesimulator/VK-ios-sdk/VK_ios_sdk.framework"; sourceTree = "<group>"; };
		E64F4D50E794F0A4CD1A8B0F /* Pods.debug.xcconfig */ = {isa = PBXFileReference; includeInIndex = 1; lastKnownFileType = text.xcconfig; name = Pods.debug.xcconfig; path = "Pods/Target Support Files/Pods/Pods.debug.xcconfig"; sourceTree = "<group>"; };
/* End PBXFileReference section */

/* Begin PBXFrameworksBuildPhase section */
		4C6454EC1D75AAAB003322DD /* Frameworks */ = {
			isa = PBXFrameworksBuildPhase;
			buildActionMask = 2147483647;
			files = (
				A6EAFD811D900CC700D0A588 /* VK_ios_sdk.framework in Frameworks */,
				A6EAFD7F1D900CC000D0A588 /* CRToast.framework in Frameworks */,
				A6EAFD7D1D900CBA00D0A588 /* UIColor_Hex_Swift.framework in Frameworks */,
				A6EAFD7B1D900CB300D0A588 /* SDWebImage.framework in Frameworks */,
				A6EAFD791D900CAB00D0A588 /* SKPhotoBrowser.framework in Frameworks */,
				A6EAFD771D900CA300D0A588 /* PureLayout.framework in Frameworks */,
				A6EAFD751D900C8500D0A588 /* libwebp.framework in Frameworks */,
				DEBC5FDBB1440A203209AE05 /* Pods_myPhotos.framework in Frameworks */,
			);
			runOnlyForDeploymentPostprocessing = 0;
		};
		4C6455051D75AAAC003322DD /* Frameworks */ = {
			isa = PBXFrameworksBuildPhase;
			buildActionMask = 2147483647;
			files = (
			);
			runOnlyForDeploymentPostprocessing = 0;
		};
		4C6455101D75AAAC003322DD /* Frameworks */ = {
			isa = PBXFrameworksBuildPhase;
			buildActionMask = 2147483647;
			files = (
			);
			runOnlyForDeploymentPostprocessing = 0;
		};
/* End PBXFrameworksBuildPhase section */

/* Begin PBXGroup section */
		49EA1F91D0768358EE835923 /* Frameworks */ = {
			isa = PBXGroup;
			children = (
				A6EAFD801D900CC700D0A588 /* VK_ios_sdk.framework */,
				A6EAFD7E1D900CC000D0A588 /* CRToast.framework */,
				A6EAFD7C1D900CBA00D0A588 /* UIColor_Hex_Swift.framework */,
				A6EAFD7A1D900CB300D0A588 /* SDWebImage.framework */,
				A6EAFD781D900CAB00D0A588 /* SKPhotoBrowser.framework */,
				A6EAFD761D900CA300D0A588 /* PureLayout.framework */,
				A6EAFD741D900C8500D0A588 /* libwebp.framework */,
				4CCC1F281D7DBF2800E2CBA4 /* PureLayout.framework */,
				4CCC1F1B1D7A37AA00E2CBA4 /* libwebp.framework */,
				4CCC1F191D7A37A400E2CBA4 /* SKPhotoBrowser.framework */,
				4CCC1F171D7A379A00E2CBA4 /* SDWebImage.framework */,
				4C64556F1D7A191D003322DD /* UIColor_Hex_Swift.framework */,
				4C64556A1D7A188E003322DD /* CRToast.framework */,
				4C6455661D79F42F003322DD /* SKPhotoBrowser.framework */,
				4C6455641D79EB70003322DD /* LPPhotoViewer_swift.framework */,
				4C6455621D79EB6A003322DD /* SDWebImage.framework */,
				4C64555F1D79DCCB003322DD /* SDWebImage.framework */,
				4C64555D1D79DCC3003322DD /* libwebp.framework */,
				4C64553B1D77502B003322DD /* AFNetworking.framework */,
				4C64552D1D75B8BC003322DD /* VK_ios_sdk.framework */,
				4D5DD165833014F89D456D2B /* Pods.framework */,
				39F6D142C3BDB6539E55D322 /* Pods_myPhotos.framework */,
			);
			name = Frameworks;
			sourceTree = "<group>";
		};
		4C6454E61D75AAAB003322DD = {
			isa = PBXGroup;
			children = (
				4C6454F11D75AAAB003322DD /* myPhotos */,
				4C64550B1D75AAAC003322DD /* myPhotosTests */,
				4C6455161D75AAAC003322DD /* myPhotosUITests */,
				4C6454F01D75AAAB003322DD /* Products */,
				8E70E06AEE489E89FDD0351A /* Pods */,
				49EA1F91D0768358EE835923 /* Frameworks */,
			);
			sourceTree = "<group>";
		};
		4C6454F01D75AAAB003322DD /* Products */ = {
			isa = PBXGroup;
			children = (
				4C6454EF1D75AAAB003322DD /* myPhotos.app */,
				4C6455081D75AAAC003322DD /* myPhotosTests.xctest */,
				4C6455131D75AAAC003322DD /* myPhotosUITests.xctest */,
			);
			name = Products;
			sourceTree = "<group>";
		};
		4C6454F11D75AAAB003322DD /* myPhotos */ = {
			isa = PBXGroup;
			children = (
				4C6455251D75B41C003322DD /* Source */,
				4C6454F21D75AAAB003322DD /* AppDelegate.swift */,
				4C6454F81D75AAAB003322DD /* Main.storyboard */,
				4C6454FE1D75AAAB003322DD /* Assets.xcassets */,
				4C6455001D75AAAB003322DD /* LaunchScreen.storyboard */,
				4C6455031D75AAAB003322DD /* Info.plist */,
				4C6454FB1D75AAAB003322DD /* myPhotos.xcdatamodeld */,
				4C64552A1D75B736003322DD /* myPhotos-Bridging-Header.h */,
			);
			path = myPhotos;
			sourceTree = "<group>";
		};
		4C64550B1D75AAAC003322DD /* myPhotosTests */ = {
			isa = PBXGroup;
			children = (
				4C64550C1D75AAAC003322DD /* myPhotosTests.swift */,
				4C64550E1D75AAAC003322DD /* Info.plist */,
			);
			path = myPhotosTests;
			sourceTree = "<group>";
		};
		4C6455161D75AAAC003322DD /* myPhotosUITests */ = {
			isa = PBXGroup;
			children = (
				4C6455171D75AAAC003322DD /* myPhotosUITests.swift */,
				4C6455191D75AAAC003322DD /* Info.plist */,
			);
			path = myPhotosUITests;
			sourceTree = "<group>";
		};
		4C6455251D75B41C003322DD /* Source */ = {
			isa = PBXGroup;
			children = (
				4C6455261D75B42D003322DD /* Classes */,
			);
			name = Source;
			sourceTree = "<group>";
		};
		4C6455261D75B42D003322DD /* Classes */ = {
			isa = PBXGroup;
			children = (
				4C6455521D79B976003322DD /* Helper */,
				4C6455381D77405D003322DD /* Model */,
				4C6455331D7731A0003322DD /* ViewController */,
				4C6455271D75B439003322DD /* Controller */,
			);
			name = Classes;
			sourceTree = "<group>";
		};
		4C6455271D75B439003322DD /* Controller */ = {
			isa = PBXGroup;
			children = (
				4C64554B1D784A2E003322DD /* Photo */,
				4C6455431D783919003322DD /* Album */,
				4C6455281D75B47F003322DD /* Constants.swift */,
				A6134AFC1D9267B6009AAF8A /* CoreDataStack.swift */,
			);
			name = Controller;
			sourceTree = "<group>";
		};
		4C6455331D7731A0003322DD /* ViewController */ = {
			isa = PBXGroup;
			children = (
				4CCC1F141D7A338600E2CBA4 /* Home */,
				4C64556C1D7A18D2003322DD /* Vk */,
				4C6455481D784336003322DD /* Photo */,
				4C6455401D78369E003322DD /* Album */,
				4C6455681D7A184C003322DD /* ViewController.swift */,
			);
			name = ViewController;
			sourceTree = "<group>";
		};
		4C6455381D77405D003322DD /* Model */ = {
			isa = PBXGroup;
			children = (
				4C6455391D774080003322DD /* Album.swift */,
				4C64554E1D787731003322DD /* Photo.swift */,
			);
			name = Model;
			sourceTree = "<group>";
		};
		4C6455401D78369E003322DD /* Album */ = {
			isa = PBXGroup;
			children = (
				4C6455461D783E8A003322DD /* AlbumTableViewCell.swift */,
				4C6455411D7836DD003322DD /* AlbumViewController.swift */,
			);
			name = Album;
			sourceTree = "<group>";
		};
		4C6455431D783919003322DD /* Album */ = {
			isa = PBXGroup;
			children = (
				4C6455441D783993003322DD /* AlbumController.swift */,
			);
			name = Album;
			sourceTree = "<group>";
		};
		4C6455481D784336003322DD /* Photo */ = {
			isa = PBXGroup;
			children = (
				4C6455491D78436B003322DD /* PhotoViewController.swift */,
				4C6455501D79A895003322DD /* PhotoCollectionViewCell.swift */,
				4C273D8E1D7EEC9B00DF5CA2 /* EmptyCollectionViewCell.swift */,
			);
			name = Photo;
			sourceTree = "<group>";
		};
		4C64554B1D784A2E003322DD /* Photo */ = {
			isa = PBXGroup;
			children = (
				4C64554C1D784A5C003322DD /* PhotoController.swift */,
			);
			name = Photo;
			sourceTree = "<group>";
		};
		4C6455521D79B976003322DD /* Helper */ = {
			isa = PBXGroup;
			children = (
				4C6455581D79BBDB003322DD /* AMImageHelper */,
			);
			name = Helper;
			path = Source/Classes/Helper;
			sourceTree = "<group>";
		};
		4C6455581D79BBDB003322DD /* AMImageHelper */ = {
			isa = PBXGroup;
			children = (
				4C6455591D79BBDB003322DD /* AMImageExtension.swift */,
				4C64555A1D79BBDB003322DD /* AMImageVIewExtension.swift */,
			);
			path = AMImageHelper;
			sourceTree = "<group>";
		};
		4C64556C1D7A18D2003322DD /* Vk */ = {
			isa = PBXGroup;
			children = (
				4C64556D1D7A190D003322DD /* VkViewController.swift */,
			);
			name = Vk;
			sourceTree = "<group>";
		};
		4CCC1F141D7A338600E2CBA4 /* Home */ = {
			isa = PBXGroup;
			children = (
				4CCC1F151D7A33BF00E2CBA4 /* HomeViewController.swift */,
			);
			name = Home;
			sourceTree = "<group>";
		};
		8E70E06AEE489E89FDD0351A /* Pods */ = {
			isa = PBXGroup;
			children = (
				E64F4D50E794F0A4CD1A8B0F /* Pods.debug.xcconfig */,
				7C443E5C77A9729E18352A93 /* Pods.release.xcconfig */,
				6DE789261D6E4E0B16279600 /* Pods-myPhotos.debug.xcconfig */,
				5107B02066642488DA2C9C61 /* Pods-myPhotos.release.xcconfig */,
			);
			name = Pods;
			sourceTree = "<group>";
		};
/* End PBXGroup section */

/* Begin PBXNativeTarget section */
		4C6454EE1D75AAAB003322DD /* myPhotos */ = {
			isa = PBXNativeTarget;
			buildConfigurationList = 4C64551C1D75AAAC003322DD /* Build configuration list for PBXNativeTarget "myPhotos" */;
			buildPhases = (
				F26C6C9EDE7BB58F3509B54E /* [CP] Check Pods Manifest.lock */,
				4C6454EB1D75AAAB003322DD /* Sources */,
				4C6454EC1D75AAAB003322DD /* Frameworks */,
				4C6454ED1D75AAAB003322DD /* Resources */,
				E13A41BEAE927423B8DF59C9 /* [CP] Embed Pods Frameworks */,
				D1E9AF2A04434DFA07E86AE9 /* [CP] Copy Pods Resources */,
			);
			buildRules = (
			);
			dependencies = (
			);
			name = myPhotos;
			productName = myPhotos;
			productReference = 4C6454EF1D75AAAB003322DD /* myPhotos.app */;
			productType = "com.apple.product-type.application";
		};
		4C6455071D75AAAC003322DD /* myPhotosTests */ = {
			isa = PBXNativeTarget;
			buildConfigurationList = 4C64551F1D75AAAC003322DD /* Build configuration list for PBXNativeTarget "myPhotosTests" */;
			buildPhases = (
				4C6455041D75AAAC003322DD /* Sources */,
				4C6455051D75AAAC003322DD /* Frameworks */,
				4C6455061D75AAAC003322DD /* Resources */,
			);
			buildRules = (
			);
			dependencies = (
				4C64550A1D75AAAC003322DD /* PBXTargetDependency */,
			);
			name = myPhotosTests;
			productName = myPhotosTests;
			productReference = 4C6455081D75AAAC003322DD /* myPhotosTests.xctest */;
			productType = "com.apple.product-type.bundle.unit-test";
		};
		4C6455121D75AAAC003322DD /* myPhotosUITests */ = {
			isa = PBXNativeTarget;
			buildConfigurationList = 4C6455221D75AAAC003322DD /* Build configuration list for PBXNativeTarget "myPhotosUITests" */;
			buildPhases = (
				4C64550F1D75AAAC003322DD /* Sources */,
				4C6455101D75AAAC003322DD /* Frameworks */,
				4C6455111D75AAAC003322DD /* Resources */,
			);
			buildRules = (
			);
			dependencies = (
				4C6455151D75AAAC003322DD /* PBXTargetDependency */,
			);
			name = myPhotosUITests;
			productName = myPhotosUITests;
			productReference = 4C6455131D75AAAC003322DD /* myPhotosUITests.xctest */;
			productType = "com.apple.product-type.bundle.ui-testing";
		};
/* End PBXNativeTarget section */

/* Begin PBXProject section */
		4C6454E71D75AAAB003322DD /* Project object */ = {
			isa = PBXProject;
			attributes = {
				LastSwiftUpdateCheck = 0730;
				LastUpgradeCheck = 0730;
				ORGANIZATIONNAME = "Мария";
				TargetAttributes = {
					4C6454EE1D75AAAB003322DD = {
						CreatedOnToolsVersion = 7.3;
					};
					4C6455071D75AAAC003322DD = {
						CreatedOnToolsVersion = 7.3;
						TestTargetID = 4C6454EE1D75AAAB003322DD;
					};
					4C6455121D75AAAC003322DD = {
						CreatedOnToolsVersion = 7.3;
						TestTargetID = 4C6454EE1D75AAAB003322DD;
					};
				};
			};
			buildConfigurationList = 4C6454EA1D75AAAB003322DD /* Build configuration list for PBXProject "myPhotos" */;
			compatibilityVersion = "Xcode 3.2";
			developmentRegion = English;
			hasScannedForEncodings = 0;
			knownRegions = (
				en,
				Base,
			);
			mainGroup = 4C6454E61D75AAAB003322DD;
			productRefGroup = 4C6454F01D75AAAB003322DD /* Products */;
			projectDirPath = "";
			projectRoot = "";
			targets = (
				4C6454EE1D75AAAB003322DD /* myPhotos */,
				4C6455071D75AAAC003322DD /* myPhotosTests */,
				4C6455121D75AAAC003322DD /* myPhotosUITests */,
			);
		};
/* End PBXProject section */

/* Begin PBXResourcesBuildPhase section */
		4C6454ED1D75AAAB003322DD /* Resources */ = {
			isa = PBXResourcesBuildPhase;
			buildActionMask = 2147483647;
			files = (
				4C6455021D75AAAB003322DD /* LaunchScreen.storyboard in Resources */,
				4C6454FF1D75AAAB003322DD /* Assets.xcassets in Resources */,
				4C6454FA1D75AAAB003322DD /* Main.storyboard in Resources */,
			);
			runOnlyForDeploymentPostprocessing = 0;
		};
		4C6455061D75AAAC003322DD /* Resources */ = {
			isa = PBXResourcesBuildPhase;
			buildActionMask = 2147483647;
			files = (
			);
			runOnlyForDeploymentPostprocessing = 0;
		};
		4C6455111D75AAAC003322DD /* Resources */ = {
			isa = PBXResourcesBuildPhase;
			buildActionMask = 2147483647;
			files = (
			);
			runOnlyForDeploymentPostprocessing = 0;
		};
/* End PBXResourcesBuildPhase section */

/* Begin PBXShellScriptBuildPhase section */
		D1E9AF2A04434DFA07E86AE9 /* [CP] Copy Pods Resources */ = {
			isa = PBXShellScriptBuildPhase;
			buildActionMask = 12;
			files = (
			);
			inputPaths = (
			);
			name = "[CP] Copy Pods Resources";
			outputPaths = (
			);
			runOnlyForDeploymentPostprocessing = 0;
			shellPath = /bin/sh;
			shellScript = "\"${SRCROOT}/Pods/Target Support Files/Pods-myPhotos/Pods-myPhotos-resources.sh\"\n";
			showEnvVarsInLog = 0;
		};
		E13A41BEAE927423B8DF59C9 /* [CP] Embed Pods Frameworks */ = {
			isa = PBXShellScriptBuildPhase;
			buildActionMask = 12;
			files = (
			);
			inputPaths = (
			);
			name = "[CP] Embed Pods Frameworks";
			outputPaths = (
			);
			runOnlyForDeploymentPostprocessing = 0;
			shellPath = /bin/sh;
			shellScript = "\"${SRCROOT}/Pods/Target Support Files/Pods-myPhotos/Pods-myPhotos-frameworks.sh\"\n";
			showEnvVarsInLog = 0;
		};
		F26C6C9EDE7BB58F3509B54E /* [CP] Check Pods Manifest.lock */ = {
			isa = PBXShellScriptBuildPhase;
			buildActionMask = 2147483647;
			files = (
			);
			inputPaths = (
			);
			name = "[CP] Check Pods Manifest.lock";
			outputPaths = (
			);
			runOnlyForDeploymentPostprocessing = 0;
			shellPath = /bin/sh;
			shellScript = "diff \"${PODS_ROOT}/../Podfile.lock\" \"${PODS_ROOT}/Manifest.lock\" > /dev/null\nif [[ $? != 0 ]] ; then\n    cat << EOM\nerror: The sandbox is not in sync with the Podfile.lock. Run 'pod install' or update your CocoaPods installation.\nEOM\n    exit 1\nfi\n";
			showEnvVarsInLog = 0;
		};
/* End PBXShellScriptBuildPhase section */

/* Begin PBXSourcesBuildPhase section */
		4C6454EB1D75AAAB003322DD /* Sources */ = {
			isa = PBXSourcesBuildPhase;
			buildActionMask = 2147483647;
			files = (
				4C6455451D783993003322DD /* AlbumController.swift in Sources */,
				4C64555B1D79BBDB003322DD /* AMImageExtension.swift in Sources */,
				4C6455291D75B47F003322DD /* Constants.swift in Sources */,
				A6134AFD1D9267B6009AAF8A /* CoreDataStack.swift in Sources */,
				4C6454FD1D75AAAB003322DD /* myPhotos.xcdatamodeld in Sources */,
				4CCC1F161D7A33BF00E2CBA4 /* HomeViewController.swift in Sources */,
				4C6455471D783E8A003322DD /* AlbumTableViewCell.swift in Sources */,
				4C273D8F1D7EEC9B00DF5CA2 /* EmptyCollectionViewCell.swift in Sources */,
				4C6455511D79A895003322DD /* PhotoCollectionViewCell.swift in Sources */,
				4C64554F1D787731003322DD /* Photo.swift in Sources */,
				4C6455691D7A184C003322DD /* ViewController.swift in Sources */,
				4C64554D1D784A5C003322DD /* PhotoController.swift in Sources */,
				4C6455421D7836DD003322DD /* AlbumViewController.swift in Sources */,
				4C6454F31D75AAAB003322DD /* AppDelegate.swift in Sources */,
				4C64553A1D774080003322DD /* Album.swift in Sources */,
				4C64556E1D7A190D003322DD /* VkViewController.swift in Sources */,
				4C64555C1D79BBDB003322DD /* AMImageVIewExtension.swift in Sources */,
				4C64554A1D78436B003322DD /* PhotoViewController.swift in Sources */,
			);
			runOnlyForDeploymentPostprocessing = 0;
		};
		4C6455041D75AAAC003322DD /* Sources */ = {
			isa = PBXSourcesBuildPhase;
			buildActionMask = 2147483647;
			files = (
				4C64550D1D75AAAC003322DD /* myPhotosTests.swift in Sources */,
			);
			runOnlyForDeploymentPostprocessing = 0;
		};
		4C64550F1D75AAAC003322DD /* Sources */ = {
			isa = PBXSourcesBuildPhase;
			buildActionMask = 2147483647;
			files = (
				4C6455181D75AAAC003322DD /* myPhotosUITests.swift in Sources */,
			);
			runOnlyForDeploymentPostprocessing = 0;
		};
/* End PBXSourcesBuildPhase section */

/* Begin PBXTargetDependency section */
		4C64550A1D75AAAC003322DD /* PBXTargetDependency */ = {
			isa = PBXTargetDependency;
			target = 4C6454EE1D75AAAB003322DD /* myPhotos */;
			targetProxy = 4C6455091D75AAAC003322DD /* PBXContainerItemProxy */;
		};
		4C6455151D75AAAC003322DD /* PBXTargetDependency */ = {
			isa = PBXTargetDependency;
			target = 4C6454EE1D75AAAB003322DD /* myPhotos */;
			targetProxy = 4C6455141D75AAAC003322DD /* PBXContainerItemProxy */;
		};
/* End PBXTargetDependency section */

/* Begin PBXVariantGroup section */
		4C6454F81D75AAAB003322DD /* Main.storyboard */ = {
			isa = PBXVariantGroup;
			children = (
				4C6454F91D75AAAB003322DD /* Base */,
			);
			name = Main.storyboard;
			sourceTree = "<group>";
		};
		4C6455001D75AAAB003322DD /* LaunchScreen.storyboard */ = {
			isa = PBXVariantGroup;
			children = (
				4C6455011D75AAAB003322DD /* Base */,
			);
			name = LaunchScreen.storyboard;
			sourceTree = "<group>";
		};
/* End PBXVariantGroup section */

/* Begin XCBuildConfiguration section */
		4C64551A1D75AAAC003322DD /* Debug */ = {
			isa = XCBuildConfiguration;
			buildSettings = {
				ALWAYS_SEARCH_USER_PATHS = NO;
				CLANG_ANALYZER_NONNULL = YES;
				CLANG_CXX_LANGUAGE_STANDARD = "gnu++0x";
				CLANG_CXX_LIBRARY = "libc++";
				CLANG_ENABLE_MODULES = YES;
				CLANG_ENABLE_OBJC_ARC = YES;
				CLANG_WARN_BOOL_CONVERSION = YES;
				CLANG_WARN_CONSTANT_CONVERSION = YES;
				CLANG_WARN_DIRECT_OBJC_ISA_USAGE = YES_ERROR;
				CLANG_WARN_EMPTY_BODY = YES;
				CLANG_WARN_ENUM_CONVERSION = YES;
				CLANG_WARN_INT_CONVERSION = YES;
				CLANG_WARN_OBJC_ROOT_CLASS = YES_ERROR;
				CLANG_WARN_UNREACHABLE_CODE = YES;
				CLANG_WARN__DUPLICATE_METHOD_MATCH = YES;
				"CODE_SIGN_IDENTITY[sdk=iphoneos*]" = "iPhone Developer";
				COPY_PHASE_STRIP = NO;
				DEBUG_INFORMATION_FORMAT = dwarf;
				ENABLE_BITCODE = NO;
				ENABLE_STRICT_OBJC_MSGSEND = YES;
				ENABLE_TESTABILITY = YES;
				GCC_C_LANGUAGE_STANDARD = gnu99;
				GCC_DYNAMIC_NO_PIC = NO;
				GCC_NO_COMMON_BLOCKS = YES;
				GCC_OPTIMIZATION_LEVEL = 0;
				GCC_PREPROCESSOR_DEFINITIONS = (
					"DEBUG=1",
					"$(inherited)",
				);
				GCC_WARN_64_TO_32_BIT_CONVERSION = YES;
				GCC_WARN_ABOUT_RETURN_TYPE = YES_ERROR;
				GCC_WARN_UNDECLARED_SELECTOR = YES;
				GCC_WARN_UNINITIALIZED_AUTOS = YES_AGGRESSIVE;
				GCC_WARN_UNUSED_FUNCTION = YES;
				GCC_WARN_UNUSED_VARIABLE = YES;
				IPHONEOS_DEPLOYMENT_TARGET = 9.3;
				MTL_ENABLE_DEBUG_INFO = YES;
				ONLY_ACTIVE_ARCH = YES;
				SDKROOT = iphoneos;
				SWIFT_OPTIMIZATION_LEVEL = "-Onone";
			};
			name = Debug;
		};
		4C64551B1D75AAAC003322DD /* Release */ = {
			isa = XCBuildConfiguration;
			buildSettings = {
				ALWAYS_SEARCH_USER_PATHS = NO;
				CLANG_ANALYZER_NONNULL = YES;
				CLANG_CXX_LANGUAGE_STANDARD = "gnu++0x";
				CLANG_CXX_LIBRARY = "libc++";
				CLANG_ENABLE_MODULES = YES;
				CLANG_ENABLE_OBJC_ARC = YES;
				CLANG_WARN_BOOL_CONVERSION = YES;
				CLANG_WARN_CONSTANT_CONVERSION = YES;
				CLANG_WARN_DIRECT_OBJC_ISA_USAGE = YES_ERROR;
				CLANG_WARN_EMPTY_BODY = YES;
				CLANG_WARN_ENUM_CONVERSION = YES;
				CLANG_WARN_INT_CONVERSION = YES;
				CLANG_WARN_OBJC_ROOT_CLASS = YES_ERROR;
				CLANG_WARN_UNREACHABLE_CODE = YES;
				CLANG_WARN__DUPLICATE_METHOD_MATCH = YES;
				"CODE_SIGN_IDENTITY[sdk=iphoneos*]" = "iPhone Developer";
				COPY_PHASE_STRIP = NO;
				DEBUG_INFORMATION_FORMAT = "dwarf-with-dsym";
				ENABLE_BITCODE = NO;
				ENABLE_NS_ASSERTIONS = NO;
				ENABLE_STRICT_OBJC_MSGSEND = YES;
				GCC_C_LANGUAGE_STANDARD = gnu99;
				GCC_NO_COMMON_BLOCKS = YES;
				GCC_WARN_64_TO_32_BIT_CONVERSION = YES;
				GCC_WARN_ABOUT_RETURN_TYPE = YES_ERROR;
				GCC_WARN_UNDECLARED_SELECTOR = YES;
				GCC_WARN_UNINITIALIZED_AUTOS = YES_AGGRESSIVE;
				GCC_WARN_UNUSED_FUNCTION = YES;
				GCC_WARN_UNUSED_VARIABLE = YES;
				IPHONEOS_DEPLOYMENT_TARGET = 9.3;
				MTL_ENABLE_DEBUG_INFO = NO;
				ONLY_ACTIVE_ARCH = YES;
				SDKROOT = iphoneos;
				VALIDATE_PRODUCT = YES;
			};
			name = Release;
		};
		4C64551D1D75AAAC003322DD /* Debug */ = {
			isa = XCBuildConfiguration;
			baseConfigurationReference = 6DE789261D6E4E0B16279600 /* Pods-myPhotos.debug.xcconfig */;
			buildSettings = {
				ASSETCATALOG_COMPILER_APPICON_NAME = AppIcon;
				CLANG_ENABLE_MODULES = YES;
				FRAMEWORK_SEARCH_PATHS = (
					"$(inherited)",
					"$(PROJECT_DIR)/DerivedData/Build/Products/Debug-iphonesimulator",
					"$(PROJECT_DIR)/build/Debug-iphoneos",
					"$(PROJECT_DIR)/DerivedData/Build/Products/Debug-iphoneos",
				);
				INFOPLIST_FILE = myPhotos/Info.plist;
				IPHONEOS_DEPLOYMENT_TARGET = 8.0;
				LD_RUNPATH_SEARCH_PATHS = "$(inherited) @executable_path/Frameworks";
				OTHER_LDFLAGS = (
					"$(inherited)",
					"-framework",
					"\"SDWebImage\"",
					"-framework",
					"\"VK_ios_sdk\"",
					"-framework",
					"\"libwebp\"",
				);
				PRODUCT_BUNDLE_IDENTIFIER = com.example.myPhotos;
				PRODUCT_NAME = "$(TARGET_NAME)";
				SWIFT_OBJC_BRIDGING_HEADER = "myPhotos/myPhotos-Bridging-Header.h";
				SWIFT_OPTIMIZATION_LEVEL = "-Onone";
			};
			name = Debug;
		};
		4C64551E1D75AAAC003322DD /* Release */ = {
			isa = XCBuildConfiguration;
			baseConfigurationReference = 5107B02066642488DA2C9C61 /* Pods-myPhotos.release.xcconfig */;
			buildSettings = {
				ASSETCATALOG_COMPILER_APPICON_NAME = AppIcon;
				CLANG_ENABLE_MODULES = YES;
				FRAMEWORK_SEARCH_PATHS = (
					"$(inherited)",
					"$(PROJECT_DIR)/DerivedData/Build/Products/Debug-iphonesimulator",
					"$(PROJECT_DIR)/build/Debug-iphoneos",
					"$(PROJECT_DIR)/DerivedData/Build/Products/Debug-iphoneos",
				);
				INFOPLIST_FILE = myPhotos/Info.plist;
				IPHONEOS_DEPLOYMENT_TARGET = 8.0;
				LD_RUNPATH_SEARCH_PATHS = "$(inherited) @executable_path/Frameworks";
				OTHER_LDFLAGS = (
					"$(inherited)",
					"-framework",
					"\"SDWebImage\"",
					"-framework",
					"\"VK_ios_sdk\"",
					"-framework",
					"\"libwebp\"",
				);
				PRODUCT_BUNDLE_IDENTIFIER = com.example.myPhotos;
				PRODUCT_NAME = "$(TARGET_NAME)";
				SWIFT_OBJC_BRIDGING_HEADER = "myPhotos/myPhotos-Bridging-Header.h";
			};
			name = Release;
		};
		4C6455201D75AAAC003322DD /* Debug */ = {
			isa = XCBuildConfiguration;
			buildSettings = {
				BUNDLE_LOADER = "$(TEST_HOST)";
				INFOPLIST_FILE = myPhotosTests/Info.plist;
				LD_RUNPATH_SEARCH_PATHS = "$(inherited) @executable_path/Frameworks @loader_path/Frameworks";
				PRODUCT_BUNDLE_IDENTIFIER = com.example.myPhotosTests;
				PRODUCT_NAME = "$(TARGET_NAME)";
				TEST_HOST = "$(BUILT_PRODUCTS_DIR)/myPhotos.app/myPhotos";
			};
			name = Debug;
		};
		4C6455211D75AAAC003322DD /* Release */ = {
			isa = XCBuildConfiguration;
			buildSettings = {
				BUNDLE_LOADER = "$(TEST_HOST)";
				INFOPLIST_FILE = myPhotosTests/Info.plist;
				LD_RUNPATH_SEARCH_PATHS = "$(inherited) @executable_path/Frameworks @loader_path/Frameworks";
				PRODUCT_BUNDLE_IDENTIFIER = com.example.myPhotosTests;
				PRODUCT_NAME = "$(TARGET_NAME)";
				TEST_HOST = "$(BUILT_PRODUCTS_DIR)/myPhotos.app/myPhotos";
			};
			name = Release;
		};
		4C6455231D75AAAC003322DD /* Debug */ = {
			isa = XCBuildConfiguration;
			buildSettings = {
				INFOPLIST_FILE = myPhotosUITests/Info.plist;
				LD_RUNPATH_SEARCH_PATHS = "$(inherited) @executable_path/Frameworks @loader_path/Frameworks";
				PRODUCT_BUNDLE_IDENTIFIER = com.example.myPhotosUITests;
				PRODUCT_NAME = "$(TARGET_NAME)";
				TEST_TARGET_NAME = myPhotos;
			};
			name = Debug;
		};
		4C6455241D75AAAC003322DD /* Release */ = {
			isa = XCBuildConfiguration;
			buildSettings = {
				INFOPLIST_FILE = myPhotosUITests/Info.plist;
				LD_RUNPATH_SEARCH_PATHS = "$(inherited) @executable_path/Frameworks @loader_path/Frameworks";
				PRODUCT_BUNDLE_IDENTIFIER = com.example.myPhotosUITests;
				PRODUCT_NAME = "$(TARGET_NAME)";
				TEST_TARGET_NAME = myPhotos;
			};
			name = Release;
		};
/* End XCBuildConfiguration section */

/* Begin XCConfigurationList section */
		4C6454EA1D75AAAB003322DD /* Build configuration list for PBXProject "myPhotos" */ = {
			isa = XCConfigurationList;
			buildConfigurations = (
				4C64551A1D75AAAC003322DD /* Debug */,
				4C64551B1D75AAAC003322DD /* Release */,
			);
			defaultConfigurationIsVisible = 0;
			defaultConfigurationName = Release;
		};
		4C64551C1D75AAAC003322DD /* Build configuration list for PBXNativeTarget "myPhotos" */ = {
			isa = XCConfigurationList;
			buildConfigurations = (
				4C64551D1D75AAAC003322DD /* Debug */,
				4C64551E1D75AAAC003322DD /* Release */,
			);
			defaultConfigurationIsVisible = 0;
			defaultConfigurationName = Release;
		};
		4C64551F1D75AAAC003322DD /* Build configuration list for PBXNativeTarget "myPhotosTests" */ = {
			isa = XCConfigurationList;
			buildConfigurations = (
				4C6455201D75AAAC003322DD /* Debug */,
				4C6455211D75AAAC003322DD /* Release */,
			);
			defaultConfigurationIsVisible = 0;
			defaultConfigurationName = Release;
		};
		4C6455221D75AAAC003322DD /* Build configuration list for PBXNativeTarget "myPhotosUITests" */ = {
			isa = XCConfigurationList;
			buildConfigurations = (
				4C6455231D75AAAC003322DD /* Debug */,
				4C6455241D75AAAC003322DD /* Release */,
			);
			defaultConfigurationIsVisible = 0;
			defaultConfigurationName = Release;
		};
/* End XCConfigurationList section */

/* Begin XCVersionGroup section */
		4C6454FB1D75AAAB003322DD /* myPhotos.xcdatamodeld */ = {
			isa = XCVersionGroup;
			children = (
				4C6454FC1D75AAAB003322DD /* myPhotos.xcdatamodel */,
			);
			currentVersion = 4C6454FC1D75AAAB003322DD /* myPhotos.xcdatamodel */;
			path = myPhotos.xcdatamodeld;
			sourceTree = "<group>";
			versionGroupType = wrapper.xcdatamodel;
		};
/* End XCVersionGroup section */
	};
	rootObject = 4C6454E71D75AAAB003322DD /* Project object */;
}
